
Microsoft Visual Studio Solution File, Format Version 12.00
# Visual Studio Version 17
VisualStudioVersion = 17.6.33712.159
MinimumVisualStudioVersion = 10.0.40219.1
Project("{9A19103F-16F7-4668-BE54-9A1E7A4F7556}") = "API", "API\API.csproj", "{6A8D36FE-C8E5-49CA-9D39-8AEBE872277C}"
EndProject
Project("{9A19103F-16F7-4668-BE54-9A1E7A4F7556}") = "Application", "Application\Application.csproj", "{8995A940-B61A-49B0-AB1D-B61EAE3AD554}"
EndProject
Project("{9A19103F-16F7-4668-BE54-9A1E7A4F7556}") = "Domain", "Domain\Domain.csproj", "{55CDD9C1-8F45-442A-85F4-A16A0007044D}"
EndProject
Project("{9A19103F-16F7-4668-BE54-9A1E7A4F7556}") = "Persistence", "Persistence\Persistence.csproj", "{792CDD34-9259-4467-B200-280F23F5CDE8}"
EndProject
Project("{FAE04EC0-301F-11D3-BF4B-00C04F79EFBC}") = "Api1", "Api1\Api1.csproj", "{701E86CD-0BD2-4923-B6E3-10C8CBEC1D98}"
EndProject
Project("{FAE04EC0-301F-11D3-BF4B-00C04F79EFBC}") = "WebApplication1", "WebApplication1\WebApplication1.csproj", "{5165D2FC-C04E-41E4-9657-784CBE16A987}"
EndProject
Global
	GlobalSection(SolutionConfigurationPlatforms) = preSolution
		Debug|Any CPU = Debug|Any CPU
		Release|Any CPU = Release|Any CPU
	EndGlobalSection
	GlobalSection(ProjectConfigurationPlatforms) = postSolution
		{6A8D36FE-C8E5-49CA-9D39-8AEBE872277C}.Debug|Any CPU.ActiveCfg = Debug|Any CPU
		{6A8D36FE-C8E5-49CA-9D39-8AEBE872277C}.Debug|Any CPU.Build.0 = Debug|Any CPU
		{6A8D36FE-C8E5-49CA-9D39-8AEBE872277C}.Release|Any CPU.ActiveCfg = Release|Any CPU
		{6A8D36FE-C8E5-49CA-9D39-8AEBE872277C}.Release|Any CPU.Build.0 = Release|Any CPU
		{8995A940-B61A-49B0-AB1D-B61EAE3AD554}.Debug|Any CPU.ActiveCfg = Debug|Any CPU
		{8995A940-B61A-49B0-AB1D-B61EAE3AD554}.Debug|Any CPU.Build.0 = Debug|Any CPU
		{8995A940-B61A-49B0-AB1D-B61EAE3AD554}.Release|Any CPU.ActiveCfg = Release|Any CPU
		{8995A940-B61A-49B0-AB1D-B61EAE3AD554}.Release|Any CPU.Build.0 = Release|Any CPU
		{55CDD9C1-8F45-442A-85F4-A16A0007044D}.Debug|Any CPU.ActiveCfg = Debug|Any CPU
		{55CDD9C1-8F45-442A-85F4-A16A0007044D}.Debug|Any CPU.Build.0 = Debug|Any CPU
		{55CDD9C1-8F45-442A-85F4-A16A0007044D}.Release|Any CPU.ActiveCfg = Release|Any CPU
		{55CDD9C1-8F45-442A-85F4-A16A0007044D}.Release|Any CPU.Build.0 = Release|Any CPU
		{792CDD34-9259-4467-B200-280F23F5CDE8}.Debug|Any CPU.ActiveCfg = Debug|Any CPU
		{792CDD34-9259-4467-B200-280F23F5CDE8}.Debug|Any CPU.Build.0 = Debug|Any CPU
		{792CDD34-9259-4467-B200-280F23F5CDE8}.Release|Any CPU.ActiveCfg = Release|Any CPU
		{792CDD34-9259-4467-B200-280F23F5CDE8}.Release|Any CPU.Build.0 = Release|Any CPU
		{701E86CD-0BD2-4923-B6E3-10C8CBEC1D98}.Debug|Any CPU.ActiveCfg = Debug|Any CPU
		{701E86CD-0BD2-4923-B6E3-10C8CBEC1D98}.Debug|Any CPU.Build.0 = Debug|Any CPU
		{701E86CD-0BD2-4923-B6E3-10C8CBEC1D98}.Release|Any CPU.ActiveCfg = Release|Any CPU
		{701E86CD-0BD2-4923-B6E3-10C8CBEC1D98}.Release|Any CPU.Build.0 = Release|Any CPU
		{5165D2FC-C04E-41E4-9657-784CBE16A987}.Debug|Any CPU.ActiveCfg = Debug|Any CPU
		{5165D2FC-C04E-41E4-9657-784CBE16A987}.Debug|Any CPU.Build.0 = Debug|Any CPU
		{5165D2FC-C04E-41E4-9657-784CBE16A987}.Release|Any CPU.ActiveCfg = Release|Any CPU
		{5165D2FC-C04E-41E4-9657-784CBE16A987}.Release|Any CPU.Build.0 = Release|Any CPU
	EndGlobalSection
	GlobalSection(SolutionProperties) = preSolution
		HideSolutionNode = FALSE
	EndGlobalSection
	GlobalSection(ExtensibilityGlobals) = postSolution
		SolutionGuid = {0C7A841C-D8E2-4CA2-B1FD-139D5B057CAC}
	EndGlobalSection
EndGlobal
